
Microsoft Visual Studio Solution File, Format Version 12.00
# Visual Studio Version 17
VisualStudioVersion = 17.11.35208.52
MinimumVisualStudioVersion = 10.0.40219.1
Project("{9A19103F-16F7-4668-BE54-9A1E7A4F7556}") = "Uwu.Messaging.API", "src\Uwu.Messanging\Uwu.Messaging.API.csproj", "{91B52F2A-59F3-474A-8FC8-2BB108D5AD99}"
EndProject
Project("{9A19103F-16F7-4668-BE54-9A1E7A4F7556}") = "Uwu.Messaging.Core", "src\Uwu.Messanging.Core\Uwu.Messaging.Core.csproj", "{AA0FB26B-A8D8-4027-BF63-03F64530BA66}"
EndProject
Project("{9A19103F-16F7-4668-BE54-9A1E7A4F7556}") = "Uwu.Messaging.EntityFramework", "src\Uwu.Messanging.EntityFramework\Uwu.Messaging.EntityFramework.csproj", "{F1DD50B2-BD9B-489C-9F29-EBBF7463FC8B}"
EndProject
Project("{9A19103F-16F7-4668-BE54-9A1E7A4F7556}") = "Uwu.Messaging.IntegrationTests", "src\Uwu.Messanging.IntegrationTests\Uwu.Messaging.IntegrationTests.csproj", "{C1422319-82DF-4A47-A7D4-26769058F776}"
EndProject
Global
	GlobalSection(SolutionConfigurationPlatforms) = preSolution
		Debug|Any CPU = Debug|Any CPU
		Release|Any CPU = Release|Any CPU
	EndGlobalSection
	GlobalSection(ProjectConfigurationPlatforms) = postSolution
		{91B52F2A-59F3-474A-8FC8-2BB108D5AD99}.Debug|Any CPU.ActiveCfg = Debug|Any CPU
		{91B52F2A-59F3-474A-8FC8-2BB108D5AD99}.Debug|Any CPU.Build.0 = Debug|Any CPU
		{91B52F2A-59F3-474A-8FC8-2BB108D5AD99}.Release|Any CPU.ActiveCfg = Release|Any CPU
		{91B52F2A-59F3-474A-8FC8-2BB108D5AD99}.Release|Any CPU.Build.0 = Release|Any CPU
		{AA0FB26B-A8D8-4027-BF63-03F64530BA66}.Debug|Any CPU.ActiveCfg = Debug|Any CPU
		{AA0FB26B-A8D8-4027-BF63-03F64530BA66}.Debug|Any CPU.Build.0 = Debug|Any CPU
		{AA0FB26B-A8D8-4027-BF63-03F64530BA66}.Release|Any CPU.ActiveCfg = Release|Any CPU
		{AA0FB26B-A8D8-4027-BF63-03F64530BA66}.Release|Any CPU.Build.0 = Release|Any CPU
		{F1DD50B2-BD9B-489C-9F29-EBBF7463FC8B}.Debug|Any CPU.ActiveCfg = Debug|Any CPU
		{F1DD50B2-BD9B-489C-9F29-EBBF7463FC8B}.Debug|Any CPU.Build.0 = Debug|Any CPU
		{F1DD50B2-BD9B-489C-9F29-EBBF7463FC8B}.Release|Any CPU.ActiveCfg = Release|Any CPU
		{F1DD50B2-BD9B-489C-9F29-EBBF7463FC8B}.Release|Any CPU.Build.0 = Release|Any CPU
		{C1422319-82DF-4A47-A7D4-26769058F776}.Debug|Any CPU.ActiveCfg = Debug|Any CPU
		{C1422319-82DF-4A47-A7D4-26769058F776}.Debug|Any CPU.Build.0 = Debug|Any CPU
		{C1422319-82DF-4A47-A7D4-26769058F776}.Release|Any CPU.ActiveCfg = Release|Any CPU
		{C1422319-82DF-4A47-A7D4-26769058F776}.Release|Any CPU.Build.0 = Release|Any CPU
	EndGlobalSection
	GlobalSection(SolutionProperties) = preSolution
		HideSolutionNode = FALSE
	EndGlobalSection
	GlobalSection(ExtensibilityGlobals) = postSolution
		SolutionGuid = {B30771F7-502A-4A91-8613-0248D7807462}
	EndGlobalSection
EndGlobal
